<?xml version="1.0" encoding="utf-8"?>
<Project ToolsVersion="4.0" xmlns="http://schemas.microsoft.com/developer/msbuild/2003">
  <ItemGroup>
    <Filter Include="源文件">
      <UniqueIdentifier>{4FC737F1-C7A5-4376-A066-2A32D752A2FF}</UniqueIdentifier>
      <Extensions>cpp;c;cc;cxx;def;odl;idl;hpj;bat;asm;asmx</Extensions>
    </Filter>
    <Filter Include="头文件">
      <UniqueIdentifier>{93995380-89BD-4b04-88EB-625FBE52EBFB}</UniqueIdentifier>
      <Extensions>h;hh;hpp;hxx;hm;inl;inc;xsd</Extensions>
    </Filter>
    <Filter Include="资源文件">
      <UniqueIdentifier>{67DA6AB6-F800-4c08-8B7A-83BB121AAD01}</UniqueIdentifier>
      <Extensions>rc;ico;cur;bmp;dlg;rc2;rct;bin;rgs;gif;jpg;jpeg;jpe;resx;tiff;tif;png;wav;mfcribbon-ms</Extensions>
    </Filter>
    <Filter Include="core">
      <UniqueIdentifier>{7de18162-c38e-4197-9797-acb4e9838548}</UniqueIdentifier>
    </Filter>
    <Filter Include="core\cache">
      <UniqueIdentifier>{9daa83c8-b858-4fab-a230-1f7a2d0d75f3}</UniqueIdentifier>
    </Filter>
    <Filter Include="core\message">
      <UniqueIdentifier>{52193652-b458-487f-83f7-128c564e4a07}</UniqueIdentifier>
    </Filter>
    <Filter Include="core\server">
      <UniqueIdentifier>{d8bcc406-4b51-408d-b81a-c2ef50e5f93c}</UniqueIdentifier>
    </Filter>
    <Filter Include="core\socket">
      <UniqueIdentifier>{afed1a6d-9215-4f84-be3c-8514a49b4030}</UniqueIdentifier>
    </Filter>
    <Filter Include="core\thread">
      <UniqueIdentifier>{f52eaca5-d399-4da7-9be5-84074a8e3de6}</UniqueIdentifier>
    </Filter>
    <Filter Include="core\design">
      <UniqueIdentifier>{cef35da6-5fb7-499b-90f2-1b98922709bf}</UniqueIdentifier>
    </Filter>
  </ItemGroup>
  <ItemGroup>
    <Text Include="ReadMe.txt" />
  </ItemGroup>
  <ItemGroup>
    <ClInclude Include="stdafx.h">
      <Filter>头文件</Filter>
    </ClInclude>
    <ClInclude Include="targetver.h">
      <Filter>头文件</Filter>
    </ClInclude>
    <ClInclude Include="..\core\assertx.h">
      <Filter>core</Filter>
    </ClInclude>
    <ClInclude Include="..\core\base_type.h">
      <Filter>core</Filter>
    </ClInclude>
    <ClInclude Include="..\core\cache\buffer.h">
      <Filter>core\cache</Filter>
    </ClInclude>
    <ClInclude Include="..\core\cache\tcache.h">
      <Filter>core\cache</Filter>
    </ClInclude>
    <ClInclude Include="..\core\message\message.h">
      <Filter>core\message</Filter>
    </ClInclude>
    <ClInclude Include="..\core\message\IHandler.h">
      <Filter>core\message</Filter>
    </ClInclude>
    <ClInclude Include="..\core\server\IServer.h">
      <Filter>core\server</Filter>
    </ClInclude>
    <ClInclude Include="..\core\socket\socket.h">
      <Filter>core\socket</Filter>
    </ClInclude>
    <ClInclude Include="..\core\thread\sync_lock.h">
      <Filter>core\thread</Filter>
    </ClInclude>
    <ClInclude Include="..\core\design\policy.h">
      <Filter>core\design</Filter>
    </ClInclude>
    <ClInclude Include="..\core\design\smart_pointer.h">
      <Filter>core\design</Filter>
    </ClInclude>
    <ClInclude Include="..\core\design\int2type.h">
      <Filter>core\design</Filter>
    </ClInclude>
    <ClInclude Include="..\core\design\conversion.h">
      <Filter>core\design</Filter>
    </ClInclude>
    <ClInclude Include="..\core\design\traits.h">
      <Filter>core\design</Filter>
    </ClInclude>
  </ItemGroup>
  <ItemGroup>
    <ClCompile Include="stdafx.cpp">
      <Filter>源文件</Filter>
    </ClCompile>
    <ClCompile Include="gcore.cpp">
      <Filter>源文件</Filter>
    </ClCompile>
    <ClCompile Include="..\core\assertx.cpp">
      <Filter>core</Filter>
    </ClCompile>
    <ClCompile Include="..\core\cache\buffer.cpp">
      <Filter>core\cache</Filter>
    </ClCompile>
    <ClCompile Include="..\core\message\message.cpp">
      <Filter>core\message</Filter>
    </ClCompile>
    <ClCompile Include="..\core\socket\socket.cpp">
      <Filter>core\socket</Filter>
    </ClCompile>
  </ItemGroup>
</Project>